
Microsoft Visual Studio Solution File, Format Version 12.00
# Visual Studio Version 16
VisualStudioVersion = 16.0.31515.178
MinimumVisualStudioVersion = 10.0.40219.1
Project("{FAE04EC0-301F-11D3-BF4B-00C04F79EFBC}") = "compilerTest", "compilerTest\compilerTest.csproj", "{5E306914-A9C3-4ECB-9E9F-7833D1CDD386}"
EndProject
Global
	GlobalSection(SolutionConfigurationPlatforms) = preSolution
		Debug|Any CPU = Debug|Any CPU
		Release|Any CPU = Release|Any CPU
	EndGlobalSection
	GlobalSection(ProjectConfigurationPlatforms) = postSolution
		{5E306914-A9C3-4ECB-9E9F-7833D1CDD386}.Debug|Any CPU.ActiveCfg = Debug|Any CPU
		{5E306914-A9C3-4ECB-9E9F-7833D1CDD386}.Debug|Any CPU.Build.0 = Debug|Any CPU
		{5E306914-A9C3-4ECB-9E9F-7833D1CDD386}.Release|Any CPU.ActiveCfg = Release|Any CPU
		{5E306914-A9C3-4ECB-9E9F-7833D1CDD386}.Release|Any CPU.Build.0 = Release|Any CPU
	EndGlobalSection
	GlobalSection(SolutionProperties) = preSolution
		HideSolutionNode = FALSE
	EndGlobalSection
	GlobalSection(ExtensibilityGlobals) = postSolution
		SolutionGuid = {9B64239C-6C48-403B-B62F-EA358154296A}
	EndGlobalSection
EndGlobal
